
Microsoft Visual Studio Solution File, Format Version 12.00
# Visual Studio 15
VisualStudioVersion = 15.0.28307.168
MinimumVisualStudioVersion = 10.0.40219.1
Project("{FAE04EC0-301F-11D3-BF4B-00C04F79EFBC}") = "c0727100", "c0727100\c0727100.csproj", "{BBA8AAF2-044E-4B3E-B43D-DF4F1A1D83E7}"
EndProject
Global
	GlobalSection(SolutionConfigurationPlatforms) = preSolution
		Debug|Any CPU = Debug|Any CPU
		Release|Any CPU = Release|Any CPU
	EndGlobalSection
	GlobalSection(ProjectConfigurationPlatforms) = postSolution
		{BBA8AAF2-044E-4B3E-B43D-DF4F1A1D83E7}.Debug|Any CPU.ActiveCfg = Debug|Any CPU
		{BBA8AAF2-044E-4B3E-B43D-DF4F1A1D83E7}.Debug|Any CPU.Build.0 = Debug|Any CPU
		{BBA8AAF2-044E-4B3E-B43D-DF4F1A1D83E7}.Release|Any CPU.ActiveCfg = Release|Any CPU
		{BBA8AAF2-044E-4B3E-B43D-DF4F1A1D83E7}.Release|Any CPU.Build.0 = Release|Any CPU
	EndGlobalSection
	GlobalSection(SolutionProperties) = preSolution
		HideSolutionNode = FALSE
	EndGlobalSection
	GlobalSection(ExtensibilityGlobals) = postSolution
		SolutionGuid = {D5756660-3CFF-4645-8777-BF6A54D47274}
	EndGlobalSection
EndGlobal
